
Microsoft Visual Studio Solution File, Format Version 12.00
# Visual Studio 15
VisualStudioVersion = 15.0.28307.645
MinimumVisualStudioVersion = 10.0.40219.1
Project("{FAE04EC0-301F-11D3-BF4B-00C04F79EFBC}") = "MultiWorldServer", "MultiWorldServer\MultiWorldServer.csproj", "{859C2A14-2A15-4EC8-9F69-75135AD7CBD8}"
EndProject
Project("{9A19103F-16F7-4668-BE54-9A1E7A4F7556}") = "MultiWorldProtocol", "..\MultiWorldProtocol\MultiWorldProtocol.csproj", "{A2167653-9467-43ED-B29F-80851B5219F3}"
EndProject
Project("{FAE04EC0-301F-11D3-BF4B-00C04F79EFBC}") = "MultiWorldMod", "..\MultiWorldMod\MultiWorldMod\MultiWorldMod.csproj", "{269229ED-D6D1-4023-8F46-0583FA95182B}"
EndProject
Global
	GlobalSection(SolutionConfigurationPlatforms) = preSolution
		Debug|Any CPU = Debug|Any CPU
		Release|Any CPU = Release|Any CPU
	EndGlobalSection
	GlobalSection(ProjectConfigurationPlatforms) = postSolution
		{859C2A14-2A15-4EC8-9F69-75135AD7CBD8}.Debug|Any CPU.ActiveCfg = Debug|Any CPU
		{859C2A14-2A15-4EC8-9F69-75135AD7CBD8}.Debug|Any CPU.Build.0 = Debug|Any CPU
		{859C2A14-2A15-4EC8-9F69-75135AD7CBD8}.Release|Any CPU.ActiveCfg = Release|Any CPU
		{859C2A14-2A15-4EC8-9F69-75135AD7CBD8}.Release|Any CPU.Build.0 = Release|Any CPU
		{A2167653-9467-43ED-B29F-80851B5219F3}.Debug|Any CPU.ActiveCfg = Debug|Any CPU
		{A2167653-9467-43ED-B29F-80851B5219F3}.Debug|Any CPU.Build.0 = Debug|Any CPU
		{A2167653-9467-43ED-B29F-80851B5219F3}.Release|Any CPU.ActiveCfg = Release|Any CPU
		{A2167653-9467-43ED-B29F-80851B5219F3}.Release|Any CPU.Build.0 = Release|Any CPU
		{269229ED-D6D1-4023-8F46-0583FA95182B}.Debug|Any CPU.ActiveCfg = Debug|Any CPU
		{269229ED-D6D1-4023-8F46-0583FA95182B}.Debug|Any CPU.Build.0 = Debug|Any CPU
		{269229ED-D6D1-4023-8F46-0583FA95182B}.Release|Any CPU.ActiveCfg = Release|Any CPU
		{269229ED-D6D1-4023-8F46-0583FA95182B}.Release|Any CPU.Build.0 = Release|Any CPU
	EndGlobalSection
	GlobalSection(SolutionProperties) = preSolution
		HideSolutionNode = FALSE
	EndGlobalSection
	GlobalSection(ExtensibilityGlobals) = postSolution
		SolutionGuid = {17F7222B-E25C-45A3-A479-1B00E2DFC77D}
	EndGlobalSection
EndGlobal
